
Microsoft Visual Studio Solution File, Format Version 12.00
# Visual Studio 15
VisualStudioVersion = 15.0.28010.2036
MinimumVisualStudioVersion = 10.0.40219.1
Project("{FAE04EC0-301F-11D3-BF4B-00C04F79EFBC}") = "eShop", "eShop\eShop.csproj", "{CB8535EE-CE75-4EA3-84E1-72F26CF11FC9}"
EndProject
Project("{FAE04EC0-301F-11D3-BF4B-00C04F79EFBC}") = "Model", "Model\Model.csproj", "{F528990D-BA9E-449F-A531-25246ED3A5B2}"
EndProject
Project("{FAE04EC0-301F-11D3-BF4B-00C04F79EFBC}") = "EShopDbContext", "EShopDbContext\EShopDbContext.csproj", "{4F59FC2B-9288-4880-965A-04DBEB2BCA2B}"
EndProject
Project("{FAE04EC0-301F-11D3-BF4B-00C04F79EFBC}") = "Repo", "Repo\Repo.csproj", "{6FC19117-F4B2-47FF-8FC1-BAC7CEE67CAF}"
EndProject
Global
	GlobalSection(SolutionConfigurationPlatforms) = preSolution
		Debug|Any CPU = Debug|Any CPU
		Release|Any CPU = Release|Any CPU
	EndGlobalSection
	GlobalSection(ProjectConfigurationPlatforms) = postSolution
		{CB8535EE-CE75-4EA3-84E1-72F26CF11FC9}.Debug|Any CPU.ActiveCfg = Debug|Any CPU
		{CB8535EE-CE75-4EA3-84E1-72F26CF11FC9}.Debug|Any CPU.Build.0 = Debug|Any CPU
		{CB8535EE-CE75-4EA3-84E1-72F26CF11FC9}.Release|Any CPU.ActiveCfg = Release|Any CPU
		{CB8535EE-CE75-4EA3-84E1-72F26CF11FC9}.Release|Any CPU.Build.0 = Release|Any CPU
		{F528990D-BA9E-449F-A531-25246ED3A5B2}.Debug|Any CPU.ActiveCfg = Debug|Any CPU
		{F528990D-BA9E-449F-A531-25246ED3A5B2}.Debug|Any CPU.Build.0 = Debug|Any CPU
		{F528990D-BA9E-449F-A531-25246ED3A5B2}.Release|Any CPU.ActiveCfg = Release|Any CPU
		{F528990D-BA9E-449F-A531-25246ED3A5B2}.Release|Any CPU.Build.0 = Release|Any CPU
		{4F59FC2B-9288-4880-965A-04DBEB2BCA2B}.Debug|Any CPU.ActiveCfg = Debug|Any CPU
		{4F59FC2B-9288-4880-965A-04DBEB2BCA2B}.Debug|Any CPU.Build.0 = Debug|Any CPU
		{4F59FC2B-9288-4880-965A-04DBEB2BCA2B}.Release|Any CPU.ActiveCfg = Release|Any CPU
		{4F59FC2B-9288-4880-965A-04DBEB2BCA2B}.Release|Any CPU.Build.0 = Release|Any CPU
		{6FC19117-F4B2-47FF-8FC1-BAC7CEE67CAF}.Debug|Any CPU.ActiveCfg = Debug|Any CPU
		{6FC19117-F4B2-47FF-8FC1-BAC7CEE67CAF}.Debug|Any CPU.Build.0 = Debug|Any CPU
		{6FC19117-F4B2-47FF-8FC1-BAC7CEE67CAF}.Release|Any CPU.ActiveCfg = Release|Any CPU
		{6FC19117-F4B2-47FF-8FC1-BAC7CEE67CAF}.Release|Any CPU.Build.0 = Release|Any CPU
	EndGlobalSection
	GlobalSection(SolutionProperties) = preSolution
		HideSolutionNode = FALSE
	EndGlobalSection
	GlobalSection(ExtensibilityGlobals) = postSolution
		SolutionGuid = {3BB56A0C-9B18-457D-B9E9-384454FB281E}
	EndGlobalSection
EndGlobal
